// !$*UTF8*$!
{
	archiveVersion = 1;
	classes = {
	};
	objectVersion = 77;
	objects = {

/* Begin PBXBuildFile section */
		35C846162DD1E27A00B3BA71 /* FirebaseCore in Frameworks */ = {isa = PBXBuildFile; productRef = 35C846152DD1E27A00B3BA71 /* FirebaseCore */; };
		35C846182DD1E2B700B3BA71 /* FirebaseFirestore in Frameworks */ = {isa = PBXBuildFile; productRef = 35C846172DD1E2B700B3BA71 /* FirebaseFirestore */; };
		35C8461A2DD1E31200B3BA71 /* FirebaseAuth in Frameworks */ = {isa = PBXBuildFile; productRef = 35C846192DD1E31200B3BA71 /* FirebaseAuth */; };
		35C846212DD20E0B00B3BA71 /* FirebaseAnalytics in Frameworks */ = {isa = PBXBuildFile; productRef = 35C846202DD20E0B00B3BA71 /* FirebaseAnalytics */; };
/* End PBXBuildFile section */

/* Begin PBXContainerItemProxy section */
		DB5CB7A62DCF5C6B000A4F0A /* PBXContainerItemProxy */ = {
			isa = PBXContainerItemProxy;
			containerPortal = DB5CB7882DCF5C6A000A4F0A /* Project object */;
			proxyType = 1;
			remoteGlobalIDString = DB5CB78F2DCF5C6A000A4F0A;
			remoteInfo = job_tasker;
		};
		DB5CB7B02DCF5C6B000A4F0A /* PBXContainerItemProxy */ = {
			isa = PBXContainerItemProxy;
			containerPortal = DB5CB7882DCF5C6A000A4F0A /* Project object */;
			proxyType = 1;
			remoteGlobalIDString = DB5CB78F2DCF5C6A000A4F0A;
			remoteInfo = job_tasker;
		};
/* End PBXContainerItemProxy section */

/* Begin PBXFileReference section */
		DB5CB7902DCF5C6A000A4F0A /* job_tasker.app */ = {isa = PBXFileReference; explicitFileType = wrapper.application; includeInIndex = 0; path = job_tasker.app; sourceTree = BUILT_PRODUCTS_DIR; };
		DB5CB7A52DCF5C6B000A4F0A /* job_taskerTests.xctest */ = {isa = PBXFileReference; explicitFileType = wrapper.cfbundle; includeInIndex = 0; path = job_taskerTests.xctest; sourceTree = BUILT_PRODUCTS_DIR; };
		DB5CB7AF2DCF5C6B000A4F0A /* job_taskerUITests.xctest */ = {isa = PBXFileReference; explicitFileType = wrapper.cfbundle; includeInIndex = 0; path = job_taskerUITests.xctest; sourceTree = BUILT_PRODUCTS_DIR; };
/* End PBXFileReference section */

/* Begin PBXFileSystemSynchronizedRootGroup section */
		DB5CB7922DCF5C6A000A4F0A /* job_tasker */ = {
			isa = PBXFileSystemSynchronizedRootGroup;
			path = job_tasker;
			sourceTree = "<group>";
		};
		DB5CB7A82DCF5C6B000A4F0A /* job_taskerTests */ = {
			isa = PBXFileSystemSynchronizedRootGroup;
			path = job_taskerTests;
			sourceTree = "<group>";
		};
		DB5CB7B22DCF5C6B000A4F0A /* job_taskerUITests */ = {
			isa = PBXFileSystemSynchronizedRootGroup;
			path = job_taskerUITests;
			sourceTree = "<group>";
		};
/* End PBXFileSystemSynchronizedRootGroup section */

/* Begin PBXFrameworksBuildPhase section */
		DB5CB78D2DCF5C6A000A4F0A /* Frameworks */ = {
			isa = PBXFrameworksBuildPhase;
			buildActionMask = 2147483647;
			files = (
				35C846162DD1E27A00B3BA71 /* FirebaseCore in Frameworks */,
				35C8461A2DD1E31200B3BA71 /* FirebaseAuth in Frameworks */,
				35C846212DD20E0B00B3BA71 /* FirebaseAnalytics in Frameworks */,
				35C846182DD1E2B700B3BA71 /* FirebaseFirestore in Frameworks */,
			);
			runOnlyForDeploymentPostprocessing = 0;
		};
		DB5CB7A22DCF5C6B000A4F0A /* Frameworks */ = {
			isa = PBXFrameworksBuildPhase;
			buildActionMask = 2147483647;
			files = (
			);
			runOnlyForDeploymentPostprocessing = 0;
		};
		DB5CB7AC2DCF5C6B000A4F0A /* Frameworks */ = {
			isa = PBXFrameworksBuildPhase;
			buildActionMask = 2147483647;
			files = (
			);
			runOnlyForDeploymentPostprocessing = 0;
		};
/* End PBXFrameworksBuildPhase section */

/* Begin PBXGroup section */
		35C846142DD1E27A00B3BA71 /* Frameworks */ = {
			isa = PBXGroup;
			children = (
			);
			name = Frameworks;
			sourceTree = "<group>";
		};
		DB5CB7872DCF5C6A000A4F0A = {
			isa = PBXGroup;
			children = (
				DB5CB7922DCF5C6A000A4F0A /* job_tasker */,
				DB5CB7A82DCF5C6B000A4F0A /* job_taskerTests */,
				DB5CB7B22DCF5C6B000A4F0A /* job_taskerUITests */,
				35C846142DD1E27A00B3BA71 /* Frameworks */,
				DB5CB7912DCF5C6A000A4F0A /* Products */,
			);
			sourceTree = "<group>";
		};
		DB5CB7912DCF5C6A000A4F0A /* Products */ = {
			isa = PBXGroup;
			children = (
				DB5CB7902DCF5C6A000A4F0A /* job_tasker.app */,
				DB5CB7A52DCF5C6B000A4F0A /* job_taskerTests.xctest */,
				DB5CB7AF2DCF5C6B000A4F0A /* job_taskerUITests.xctest */,
			);
			name = Products;
			sourceTree = "<group>";
		};
/* End PBXGroup section */

/* Begin PBXNativeTarget section */
		DB5CB78F2DCF5C6A000A4F0A /* job_tasker */ = {
			isa = PBXNativeTarget;
			buildConfigurationList = DB5CB7B92DCF5C6B000A4F0A /* Build configuration list for PBXNativeTarget "job_tasker" */;
			buildPhases = (
				DB5CB78C2DCF5C6A000A4F0A /* Sources */,
				DB5CB78D2DCF5C6A000A4F0A /* Frameworks */,
				DB5CB78E2DCF5C6A000A4F0A /* Resources */,
			);
			buildRules = (
			);
			dependencies = (
			);
			fileSystemSynchronizedGroups = (
				DB5CB7922DCF5C6A000A4F0A /* job_tasker */,
			);
			name = job_tasker;
			packageProductDependencies = (
				35C846152DD1E27A00B3BA71 /* FirebaseCore */,
				35C846172DD1E2B700B3BA71 /* FirebaseFirestore */,
				35C846192DD1E31200B3BA71 /* FirebaseAuth */,
				35C846202DD20E0B00B3BA71 /* FirebaseAnalytics */,
			);
			productName = job_tasker;
			productReference = DB5CB7902DCF5C6A000A4F0A /* job_tasker.app */;
			productType = "com.apple.product-type.application";
		};
		DB5CB7A42DCF5C6B000A4F0A /* job_taskerTests */ = {
			isa = PBXNativeTarget;
			buildConfigurationList = DB5CB7BC2DCF5C6B000A4F0A /* Build configuration list for PBXNativeTarget "job_taskerTests" */;
			buildPhases = (
				DB5CB7A12DCF5C6B000A4F0A /* Sources */,
				DB5CB7A22DCF5C6B000A4F0A /* Frameworks */,
				DB5CB7A32DCF5C6B000A4F0A /* Resources */,
			);
			buildRules = (
			);
			dependencies = (
				DB5CB7A72DCF5C6B000A4F0A /* PBXTargetDependency */,
			);
			fileSystemSynchronizedGroups = (
				DB5CB7A82DCF5C6B000A4F0A /* job_taskerTests */,
			);
			name = job_taskerTests;
			packageProductDependencies = (
			);
			productName = job_taskerTests;
			productReference = DB5CB7A52DCF5C6B000A4F0A /* job_taskerTests.xctest */;
			productType = "com.apple.product-type.bundle.unit-test";
		};
		DB5CB7AE2DCF5C6B000A4F0A /* job_taskerUITests */ = {
			isa = PBXNativeTarget;
			buildConfigurationList = DB5CB7BF2DCF5C6B000A4F0A /* Build configuration list for PBXNativeTarget "job_taskerUITests" */;
			buildPhases = (
				DB5CB7AB2DCF5C6B000A4F0A /* Sources */,
				DB5CB7AC2DCF5C6B000A4F0A /* Frameworks */,
				DB5CB7AD2DCF5C6B000A4F0A /* Resources */,
			);
			buildRules = (
			);
			dependencies = (
				DB5CB7B12DCF5C6B000A4F0A /* PBXTargetDependency */,
			);
			fileSystemSynchronizedGroups = (
				DB5CB7B22DCF5C6B000A4F0A /* job_taskerUITests */,
			);
			name = job_taskerUITests;
			packageProductDependencies = (
			);
			productName = job_taskerUITests;
			productReference = DB5CB7AF2DCF5C6B000A4F0A /* job_taskerUITests.xctest */;
			productType = "com.apple.product-type.bundle.ui-testing";
		};
/* End PBXNativeTarget section */

/* Begin PBXProject section */
		DB5CB7882DCF5C6A000A4F0A /* Project object */ = {
			isa = PBXProject;
			attributes = {
				BuildIndependentTargetsInParallel = 1;
				LastSwiftUpdateCheck = 1620;
				LastUpgradeCheck = 1620;
				TargetAttributes = {
					DB5CB78F2DCF5C6A000A4F0A = {
						CreatedOnToolsVersion = 16.2;
					};
					DB5CB7A42DCF5C6B000A4F0A = {
						CreatedOnToolsVersion = 16.2;
						TestTargetID = DB5CB78F2DCF5C6A000A4F0A;
					};
					DB5CB7AE2DCF5C6B000A4F0A = {
						CreatedOnToolsVersion = 16.2;
						TestTargetID = DB5CB78F2DCF5C6A000A4F0A;
					};
				};
			};
			buildConfigurationList = DB5CB78B2DCF5C6A000A4F0A /* Build configuration list for PBXProject "job_tasker" */;
			developmentRegion = en;
			hasScannedForEncodings = 0;
			knownRegions = (
				en,
				Base,
			);
			mainGroup = DB5CB7872DCF5C6A000A4F0A;
			minimizedProjectReferenceProxies = 1;
			packageReferences = (
				35E3B1102DD1DF4A00295486 /* XCRemoteSwiftPackageReference "firebase-ios-sdk" */,
			);
			preferredProjectObjectVersion = 77;
			productRefGroup = DB5CB7912DCF5C6A000A4F0A /* Products */;
			projectDirPath = "";
			projectRoot = "";
			targets = (
				DB5CB78F2DCF5C6A000A4F0A /* job_tasker */,
				DB5CB7A42DCF5C6B000A4F0A /* job_taskerTests */,
				DB5CB7AE2DCF5C6B000A4F0A /* job_taskerUITests */,
			);
		};
/* End PBXProject section */

/* Begin PBXResourcesBuildPhase section */
		DB5CB78E2DCF5C6A000A4F0A /* Resources */ = {
			isa = PBXResourcesBuildPhase;
			buildActionMask = 2147483647;
			files = (
			);
			runOnlyForDeploymentPostprocessing = 0;
		};
		DB5CB7A32DCF5C6B000A4F0A /* Resources */ = {
			isa = PBXResourcesBuildPhase;
			buildActionMask = 2147483647;
			files = (
			);
			runOnlyForDeploymentPostprocessing = 0;
		};
		DB5CB7AD2DCF5C6B000A4F0A /* Resources */ = {
			isa = PBXResourcesBuildPhase;
			buildActionMask = 2147483647;
			files = (
			);
			runOnlyForDeploymentPostprocessing = 0;
		};
/* End PBXResourcesBuildPhase section */

/* Begin PBXSourcesBuildPhase section */
		DB5CB78C2DCF5C6A000A4F0A /* Sources */ = {
			isa = PBXSourcesBuildPhase;
			buildActionMask = 2147483647;
			files = (
			);
			runOnlyForDeploymentPostprocessing = 0;
		};
		DB5CB7A12DCF5C6B000A4F0A /* Sources */ = {
			isa = PBXSourcesBuildPhase;
			buildActionMask = 2147483647;
			files = (
			);
			runOnlyForDeploymentPostprocessing = 0;
		};
		DB5CB7AB2DCF5C6B000A4F0A /* Sources */ = {
			isa = PBXSourcesBuildPhase;
			buildActionMask = 2147483647;
			files = (
			);
			runOnlyForDeploymentPostprocessing = 0;
		};
/* End PBXSourcesBuildPhase section */

/* Begin PBXTargetDependency section */
		DB5CB7A72DCF5C6B000A4F0A /* PBXTargetDependency */ = {
			isa = PBXTargetDependency;
			target = DB5CB78F2DCF5C6A000A4F0A /* job_tasker */;
			targetProxy = DB5CB7A62DCF5C6B000A4F0A /* PBXContainerItemProxy */;
		};
		DB5CB7B12DCF5C6B000A4F0A /* PBXTargetDependency */ = {
			isa = PBXTargetDependency;
			target = DB5CB78F2DCF5C6A000A4F0A /* job_tasker */;
			targetProxy = DB5CB7B02DCF5C6B000A4F0A /* PBXContainerItemProxy */;
		};
/* End PBXTargetDependency section */

/* Begin XCBuildConfiguration section */
		DB5CB7B72DCF5C6B000A4F0A /* Debug */ = {
			isa = XCBuildConfiguration;
			buildSettings = {
				ALWAYS_SEARCH_USER_PATHS = NO;
				ASSETCATALOG_COMPILER_GENERATE_SWIFT_ASSET_SYMBOL_EXTENSIONS = YES;
				CLANG_ANALYZER_NONNULL = YES;
				CLANG_ANALYZER_NUMBER_OBJECT_CONVERSION = YES_AGGRESSIVE;
				CLANG_CXX_LANGUAGE_STANDARD = "gnu++20";
				CLANG_ENABLE_MODULES = YES;
				CLANG_ENABLE_OBJC_ARC = YES;
				CLANG_ENABLE_OBJC_WEAK = YES;
				CLANG_WARN_BLOCK_CAPTURE_AUTORELEASING = YES;
				CLANG_WARN_BOOL_CONVERSION = YES;
				CLANG_WARN_COMMA = YES;
				CLANG_WARN_CONSTANT_CONVERSION = YES;
				CLANG_WARN_DEPRECATED_OBJC_IMPLEMENTATIONS = YES;
				CLANG_WARN_DIRECT_OBJC_ISA_USAGE = YES_ERROR;
				CLANG_WARN_DOCUMENTATION_COMMENTS = YES;
				CLANG_WARN_EMPTY_BODY = YES;
				CLANG_WARN_ENUM_CONVERSION = YES;
				CLANG_WARN_INFINITE_RECURSION = YES;
				CLANG_WARN_INT_CONVERSION = YES;
				CLANG_WARN_NON_LITERAL_NULL_CONVERSION = YES;
				CLANG_WARN_OBJC_IMPLICIT_RETAIN_SELF = YES;
				CLANG_WARN_OBJC_LITERAL_CONVERSION = YES;
				CLANG_WARN_OBJC_ROOT_CLASS = YES_ERROR;
				CLANG_WARN_QUOTED_INCLUDE_IN_FRAMEWORK_HEADER = YES;
				CLANG_WARN_RANGE_LOOP_ANALYSIS = YES;
				CLANG_WARN_STRICT_PROTOTYPES = YES;
				CLANG_WARN_SUSPICIOUS_MOVE = YES;
				CLANG_WARN_UNGUARDED_AVAILABILITY = YES_AGGRESSIVE;
				CLANG_WARN_UNREACHABLE_CODE = YES;
				CLANG_WARN__DUPLICATE_METHOD_MATCH = YES;
				COPY_PHASE_STRIP = NO;
				DEBUG_INFORMATION_FORMAT = dwarf;
				ENABLE_STRICT_OBJC_MSGSEND = YES;
				ENABLE_TESTABILITY = YES;
				ENABLE_USER_SCRIPT_SANDBOXING = YES;
				GCC_C_LANGUAGE_STANDARD = gnu17;
				GCC_DYNAMIC_NO_PIC = NO;
				GCC_NO_COMMON_BLOCKS = YES;
				GCC_OPTIMIZATION_LEVEL = 0;
				GCC_PREPROCESSOR_DEFINITIONS = (
					"DEBUG=1",
					"$(inherited)",
				);
				GCC_WARN_64_TO_32_BIT_CONVERSION = YES;
				GCC_WARN_ABOUT_RETURN_TYPE = YES_ERROR;
				GCC_WARN_UNDECLARED_SELECTOR = YES;
				GCC_WARN_UNINITIALIZED_AUTOS = YES_AGGRESSIVE;
				GCC_WARN_UNUSED_FUNCTION = YES;
				GCC_WARN_UNUSED_VARIABLE = YES;
				IPHONEOS_DEPLOYMENT_TARGET = 18.2;
				LOCALIZATION_PREFERS_STRING_CATALOGS = YES;
				MTL_ENABLE_DEBUG_INFO = INCLUDE_SOURCE;
				MTL_FAST_MATH = YES;
				ONLY_ACTIVE_ARCH = YES;
				SDKROOT = iphoneos;
				SWIFT_ACTIVE_COMPILATION_CONDITIONS = "DEBUG $(inherited)";
				SWIFT_OPTIMIZATION_LEVEL = "-Onone";
			};
			name = Debug;
		};
		DB5CB7B82DCF5C6B000A4F0A /* Release */ = {
			isa = XCBuildConfiguration;
			buildSettings = {
				ALWAYS_SEARCH_USER_PATHS = NO;
				ASSETCATALOG_COMPILER_GENERATE_SWIFT_ASSET_SYMBOL_EXTENSIONS = YES;
				CLANG_ANALYZER_NONNULL = YES;
				CLANG_ANALYZER_NUMBER_OBJECT_CONVERSION = YES_AGGRESSIVE;
				CLANG_CXX_LANGUAGE_STANDARD = "gnu++20";
				CLANG_ENABLE_MODULES = YES;
				CLANG_ENABLE_OBJC_ARC = YES;
				CLANG_ENABLE_OBJC_WEAK = YES;
				CLANG_WARN_BLOCK_CAPTURE_AUTORELEASING = YES;
				CLANG_WARN_BOOL_CONVERSION = YES;
				CLANG_WARN_COMMA = YES;
				CLANG_WARN_CONSTANT_CONVERSION = YES;
				CLANG_WARN_DEPRECATED_OBJC_IMPLEMENTATIONS = YES;
				CLANG_WARN_DIRECT_OBJC_ISA_USAGE = YES_ERROR;
				CLANG_WARN_DOCUMENTATION_COMMENTS = YES;
				CLANG_WARN_EMPTY_BODY = YES;
				CLANG_WARN_ENUM_CONVERSION = YES;
				CLANG_WARN_INFINITE_RECURSION = YES;
				CLANG_WARN_INT_CONVERSION = YES;
				CLANG_WARN_NON_LITERAL_NULL_CONVERSION = YES;
				CLANG_WARN_OBJC_IMPLICIT_RETAIN_SELF = YES;
				CLANG_WARN_OBJC_LITERAL_CONVERSION = YES;
				CLANG_WARN_OBJC_ROOT_CLASS = YES_ERROR;
				CLANG_WARN_QUOTED_INCLUDE_IN_FRAMEWORK_HEADER = YES;
				CLANG_WARN_RANGE_LOOP_ANALYSIS = YES;
				CLANG_WARN_STRICT_PROTOTYPES = YES;
				CLANG_WARN_SUSPICIOUS_MOVE = YES;
				CLANG_WARN_UNGUARDED_AVAILABILITY = YES_AGGRESSIVE;
				CLANG_WARN_UNREACHABLE_CODE = YES;
				CLANG_WARN__DUPLICATE_METHOD_MATCH = YES;
				COPY_PHASE_STRIP = NO;
				DEBUG_INFORMATION_FORMAT = "dwarf-with-dsym";
				ENABLE_NS_ASSERTIONS = NO;
				ENABLE_STRICT_OBJC_MSGSEND = YES;
				ENABLE_USER_SCRIPT_SANDBOXING = YES;
				GCC_C_LANGUAGE_STANDARD = gnu17;
				GCC_NO_COMMON_BLOCKS = YES;
				GCC_WARN_64_TO_32_BIT_CONVERSION = YES;
				GCC_WARN_ABOUT_RETURN_TYPE = YES_ERROR;
				GCC_WARN_UNDECLARED_SELECTOR = YES;
				GCC_WARN_UNINITIALIZED_AUTOS = YES_AGGRESSIVE;
				GCC_WARN_UNUSED_FUNCTION = YES;
				GCC_WARN_UNUSED_VARIABLE = YES;
				IPHONEOS_DEPLOYMENT_TARGET = 18.2;
				LOCALIZATION_PREFERS_STRING_CATALOGS = YES;
				MTL_ENABLE_DEBUG_INFO = NO;
				MTL_FAST_MATH = YES;
				SDKROOT = iphoneos;
				SWIFT_COMPILATION_MODE = wholemodule;
				VALIDATE_PRODUCT = YES;
			};
			name = Release;
		};
		DB5CB7BA2DCF5C6B000A4F0A /* Debug */ = {
			isa = XCBuildConfiguration;
			buildSettings = {
				ASSETCATALOG_COMPILER_APPICON_NAME = AppIcon;
				ASSETCATALOG_COMPILER_GLOBAL_ACCENT_COLOR_NAME = AccentColor;
				CODE_SIGN_STYLE = Automatic;
				CURRENT_PROJECT_VERSION = 1;
				DEVELOPMENT_ASSET_PATHS = "\"job_tasker/Preview Content\"";
				DEVELOPMENT_TEAM = TF7RU5KFTT;
				ENABLE_PREVIEWS = YES;
				GENERATE_INFOPLIST_FILE = YES;
				INFOPLIST_KEY_UIApplicationSceneManifest_Generation = YES;
				INFOPLIST_KEY_UIApplicationSupportsIndirectInputEvents = YES;
				INFOPLIST_KEY_UILaunchScreen_Generation = YES;
				INFOPLIST_KEY_UISupportedInterfaceOrientations_iPad = "UIInterfaceOrientationPortrait UIInterfaceOrientationPortraitUpsideDown UIInterfaceOrientationLandscapeLeft UIInterfaceOrientationLandscapeRight";
				INFOPLIST_KEY_UISupportedInterfaceOrientations_iPhone = "UIInterfaceOrientationPortrait UIInterfaceOrientationLandscapeLeft UIInterfaceOrientationLandscapeRight";
				LD_RUNPATH_SEARCH_PATHS = (
					"$(inherited)",
					"@executable_path/Frameworks",
				);
				MARKETING_VERSION = 1.0;
				PRODUCT_BUNDLE_IDENTIFIER = "uts.job-tasker";
				PRODUCT_NAME = "$(TARGET_NAME)";
				SWIFT_EMIT_LOC_STRINGS = YES;
				SWIFT_VERSION = 5.0;
				TARGETED_DEVICE_FAMILY = "1,2";
			};
			name = Debug;
		};
		DB5CB7BB2DCF5C6B000A4F0A /* Release */ = {
			isa = XCBuildConfiguration;
			buildSettings = {
				ASSETCATALOG_COMPILER_APPICON_NAME = AppIcon;
				ASSETCATALOG_COMPILER_GLOBAL_ACCENT_COLOR_NAME = AccentColor;
				CODE_SIGN_STYLE = Automatic;
				CURRENT_PROJECT_VERSION = 1;
				DEVELOPMENT_ASSET_PATHS = "\"job_tasker/Preview Content\"";
				DEVELOPMENT_TEAM = TF7RU5KFTT;
				ENABLE_PREVIEWS = YES;
				GENERATE_INFOPLIST_FILE = YES;
				INFOPLIST_KEY_UIApplicationSceneManifest_Generation = YES;
				INFOPLIST_KEY_UIApplicationSupportsIndirectInputEvents = YES;
				INFOPLIST_KEY_UILaunchScreen_Generation = YES;
				INFOPLIST_KEY_UISupportedInterfaceOrientations_iPad = "UIInterfaceOrientationPortrait UIInterfaceOrientationPortraitUpsideDown UIInterfaceOrientationLandscapeLeft UIInterfaceOrientationLandscapeRight";
				INFOPLIST_KEY_UISupportedInterfaceOrientations_iPhone = "UIInterfaceOrientationPortrait UIInterfaceOrientationLandscapeLeft UIInterfaceOrientationLandscapeRight";
				LD_RUNPATH_SEARCH_PATHS = (
					"$(inherited)",
					"@executable_path/Frameworks",
				);
				MARKETING_VERSION = 1.0;
				PRODUCT_BUNDLE_IDENTIFIER = "uts.job-tasker";
				PRODUCT_NAME = "$(TARGET_NAME)";
				SWIFT_EMIT_LOC_STRINGS = YES;
				SWIFT_VERSION = 5.0;
				TARGETED_DEVICE_FAMILY = "1,2";
			};
			name = Release;
		};
		DB5CB7BD2DCF5C6B000A4F0A /* Debug */ = {
			isa = XCBuildConfiguration;
			buildSettings = {
				BUNDLE_LOADER = "$(TEST_HOST)";
				CODE_SIGN_STYLE = Automatic;
				CURRENT_PROJECT_VERSION = 1;
				DEVELOPMENT_TEAM = TF7RU5KFTT;
				GENERATE_INFOPLIST_FILE = YES;
				IPHONEOS_DEPLOYMENT_TARGET = 18.2;
				MARKETING_VERSION = 1.0;
				PRODUCT_BUNDLE_IDENTIFIER = "uts.job-taskerTests";
				PRODUCT_NAME = "$(TARGET_NAME)";
				SWIFT_EMIT_LOC_STRINGS = NO;
				SWIFT_VERSION = 5.0;
				TARGETED_DEVICE_FAMILY = "1,2";
				TEST_HOST = "$(BUILT_PRODUCTS_DIR)/job_tasker.app/$(BUNDLE_EXECUTABLE_FOLDER_PATH)/job_tasker";
			};
			name = Debug;
		};
		DB5CB7BE2DCF5C6B000A4F0A /* Release */ = {
			isa = XCBuildConfiguration;
			buildSettings = {
				BUNDLE_LOADER = "$(TEST_HOST)";
				CODE_SIGN_STYLE = Automatic;
				CURRENT_PROJECT_VERSION = 1;
				DEVELOPMENT_TEAM = TF7RU5KFTT;
				GENERATE_INFOPLIST_FILE = YES;
				IPHONEOS_DEPLOYMENT_TARGET = 18.2;
				MARKETING_VERSION = 1.0;
				PRODUCT_BUNDLE_IDENTIFIER = "uts.job-taskerTests";
				PRODUCT_NAME = "$(TARGET_NAME)";
				SWIFT_EMIT_LOC_STRINGS = NO;
				SWIFT_VERSION = 5.0;
				TARGETED_DEVICE_FAMILY = "1,2";
				TEST_HOST = "$(BUILT_PRODUCTS_DIR)/job_tasker.app/$(BUNDLE_EXECUTABLE_FOLDER_PATH)/job_tasker";
			};
			name = Release;
		};
		DB5CB7C02DCF5C6B000A4F0A /* Debug */ = {
			isa = XCBuildConfiguration;
			buildSettings = {
				CODE_SIGN_STYLE = Automatic;
				CURRENT_PROJECT_VERSION = 1;
				DEVELOPMENT_TEAM = TF7RU5KFTT;
				GENERATE_INFOPLIST_FILE = YES;
				MARKETING_VERSION = 1.0;
				PRODUCT_BUNDLE_IDENTIFIER = "uts.job-taskerUITests";
				PRODUCT_NAME = "$(TARGET_NAME)";
				SWIFT_EMIT_LOC_STRINGS = NO;
				SWIFT_VERSION = 5.0;
				TARGETED_DEVICE_FAMILY = "1,2";
				TEST_TARGET_NAME = job_tasker;
			};
			name = Debug;
		};
		DB5CB7C12DCF5C6B000A4F0A /* Release */ = {
			isa = XCBuildConfiguration;
			buildSettings = {
				CODE_SIGN_STYLE = Automatic;
				CURRENT_PROJECT_VERSION = 1;
				DEVELOPMENT_TEAM = TF7RU5KFTT;
				GENERATE_INFOPLIST_FILE = YES;
				MARKETING_VERSION = 1.0;
				PRODUCT_BUNDLE_IDENTIFIER = "uts.job-taskerUITests";
				PRODUCT_NAME = "$(TARGET_NAME)";
				SWIFT_EMIT_LOC_STRINGS = NO;
				SWIFT_VERSION = 5.0;
				TARGETED_DEVICE_FAMILY = "1,2";
				TEST_TARGET_NAME = job_tasker;
			};
			name = Release;
		};
/* End XCBuildConfiguration section */

/* Begin XCConfigurationList section */
		DB5CB78B2DCF5C6A000A4F0A /* Build configuration list for PBXProject "job_tasker" */ = {
			isa = XCConfigurationList;
			buildConfigurations = (
				DB5CB7B72DCF5C6B000A4F0A /* Debug */,
				DB5CB7B82DCF5C6B000A4F0A /* Release */,
			);
			defaultConfigurationIsVisible = 0;
			defaultConfigurationName = Release;
		};
		DB5CB7B92DCF5C6B000A4F0A /* Build configuration list for PBXNativeTarget "job_tasker" */ = {
			isa = XCConfigurationList;
			buildConfigurations = (
				DB5CB7BA2DCF5C6B000A4F0A /* Debug */,
				DB5CB7BB2DCF5C6B000A4F0A /* Release */,
			);
			defaultConfigurationIsVisible = 0;
			defaultConfigurationName = Release;
		};
		DB5CB7BC2DCF5C6B000A4F0A /* Build configuration list for PBXNativeTarget "job_taskerTests" */ = {
			isa = XCConfigurationList;
			buildConfigurations = (
				DB5CB7BD2DCF5C6B000A4F0A /* Debug */,
				DB5CB7BE2DCF5C6B000A4F0A /* Release */,
			);
			defaultConfigurationIsVisible = 0;
			defaultConfigurationName = Release;
		};
		DB5CB7BF2DCF5C6B000A4F0A /* Build configuration list for PBXNativeTarget "job_taskerUITests" */ = {
			isa = XCConfigurationList;
			buildConfigurations = (
				DB5CB7C02DCF5C6B000A4F0A /* Debug */,
				DB5CB7C12DCF5C6B000A4F0A /* Release */,
			);
			defaultConfigurationIsVisible = 0;
			defaultConfigurationName = Release;
		};
/* End XCConfigurationList section */

/* Begin XCRemoteSwiftPackageReference section */
		35E3B1102DD1DF4A00295486 /* XCRemoteSwiftPackageReference "firebase-ios-sdk" */ = {
			isa = XCRemoteSwiftPackageReference;
			repositoryURL = "https://github.com/firebase/firebase-ios-sdk";
			requirement = {
				kind = upToNextMajorVersion;
				minimumVersion = 11.12.0;
			};
		};
/* End XCRemoteSwiftPackageReference section */

/* Begin XCSwiftPackageProductDependency section */
		35C846152DD1E27A00B3BA71 /* FirebaseCore */ = {
			isa = XCSwiftPackageProductDependency;
			package = 35E3B1102DD1DF4A00295486 /* XCRemoteSwiftPackageReference "firebase-ios-sdk" */;
			productName = FirebaseCore;
		};
		35C846172DD1E2B700B3BA71 /* FirebaseFirestore */ = {
			isa = XCSwiftPackageProductDependency;
			package = 35E3B1102DD1DF4A00295486 /* XCRemoteSwiftPackageReference "firebase-ios-sdk" */;
			productName = FirebaseFirestore;
		};
		35C846192DD1E31200B3BA71 /* FirebaseAuth */ = {
			isa = XCSwiftPackageProductDependency;
			package = 35E3B1102DD1DF4A00295486 /* XCRemoteSwiftPackageReference "firebase-ios-sdk" */;
			productName = FirebaseAuth;
		};
		35C846202DD20E0B00B3BA71 /* FirebaseAnalytics */ = {
			isa = XCSwiftPackageProductDependency;
			package = 35E3B1102DD1DF4A00295486 /* XCRemoteSwiftPackageReference "firebase-ios-sdk" */;
			productName = FirebaseAnalytics;
		};
/* End XCSwiftPackageProductDependency section */
	};
	rootObject = DB5CB7882DCF5C6A000A4F0A /* Project object */;
}
